
Microsoft Visual Studio Solution File, Format Version 12.00
# Visual Studio Version 17
VisualStudioVersion = 17.11.35303.130
MinimumVisualStudioVersion = 10.0.40219.1
Project("{9A19103F-16F7-4668-BE54-9A1E7A4F7556}") = "CarCatalog", "CarCatalog\CarCatalog.csproj", "{62120423-A306-4625-95B9-0E0DE42CB0CA}"
EndProject
Project("{FAE04EC0-301F-11D3-BF4B-00C04F79EFBC}") = "CarService", "CarService\CarService.csproj", "{368CCCB3-E059-4496-A81B-8B8FAC8ABD64}"
EndProject
Global
	GlobalSection(SolutionConfigurationPlatforms) = preSolution
		Debug|Any CPU = Debug|Any CPU
		Release|Any CPU = Release|Any CPU
	EndGlobalSection
	GlobalSection(ProjectConfigurationPlatforms) = postSolution
		{62120423-A306-4625-95B9-0E0DE42CB0CA}.Debug|Any CPU.ActiveCfg = Debug|Any CPU
		{62120423-A306-4625-95B9-0E0DE42CB0CA}.Debug|Any CPU.Build.0 = Debug|Any CPU
		{62120423-A306-4625-95B9-0E0DE42CB0CA}.Release|Any CPU.ActiveCfg = Release|Any CPU
		{62120423-A306-4625-95B9-0E0DE42CB0CA}.Release|Any CPU.Build.0 = Release|Any CPU
		{368CCCB3-E059-4496-A81B-8B8FAC8ABD64}.Debug|Any CPU.ActiveCfg = Debug|Any CPU
		{368CCCB3-E059-4496-A81B-8B8FAC8ABD64}.Debug|Any CPU.Build.0 = Debug|Any CPU
		{368CCCB3-E059-4496-A81B-8B8FAC8ABD64}.Release|Any CPU.ActiveCfg = Release|Any CPU
		{368CCCB3-E059-4496-A81B-8B8FAC8ABD64}.Release|Any CPU.Build.0 = Release|Any CPU
	EndGlobalSection
	GlobalSection(SolutionProperties) = preSolution
		HideSolutionNode = FALSE
	EndGlobalSection
	GlobalSection(ExtensibilityGlobals) = postSolution
		SolutionGuid = {6CEA2D76-F2A3-46BE-855A-8FBA432E1342}
	EndGlobalSection
EndGlobal
