
Microsoft Visual Studio Solution File, Format Version 12.00
# Visual Studio Version 17
VisualStudioVersion = 17.11.35303.130
MinimumVisualStudioVersion = 10.0.40219.1
Project("{FAE04EC0-301F-11D3-BF4B-00C04F79EFBC}") = "CarCatalog", "CarCatalog\CarCatalog.csproj", "{8A43AFD2-A95D-4257-BA6B-B49BACB1CE7A}"
EndProject
Global
	GlobalSection(SolutionConfigurationPlatforms) = preSolution
		Debug|Any CPU = Debug|Any CPU
		Release|Any CPU = Release|Any CPU
	EndGlobalSection
	GlobalSection(ProjectConfigurationPlatforms) = postSolution
		{8A43AFD2-A95D-4257-BA6B-B49BACB1CE7A}.Debug|Any CPU.ActiveCfg = Debug|Any CPU
		{8A43AFD2-A95D-4257-BA6B-B49BACB1CE7A}.Debug|Any CPU.Build.0 = Debug|Any CPU
		{8A43AFD2-A95D-4257-BA6B-B49BACB1CE7A}.Release|Any CPU.ActiveCfg = Release|Any CPU
		{8A43AFD2-A95D-4257-BA6B-B49BACB1CE7A}.Release|Any CPU.Build.0 = Release|Any CPU
	EndGlobalSection
	GlobalSection(SolutionProperties) = preSolution
		HideSolutionNode = FALSE
	EndGlobalSection
	GlobalSection(ExtensibilityGlobals) = postSolution
		SolutionGuid = {B79397E0-FE86-406A-A470-B9C4FB7B74E1}
	EndGlobalSection
EndGlobal
